
Microsoft Visual Studio Solution File, Format Version 12.00
# Visual Studio 14
VisualStudioVersion = 14.0.25420.1
MinimumVisualStudioVersion = 10.0.40219.1
Project("{FAE04EC0-301F-11D3-BF4B-00C04F79EFBC}") = "Northwind.Dal", "Northwind.Dal\Northwind.Dal.csproj", "{E30A3D97-FC82-45B8-A2E6-535F85475954}"
EndProject
Project("{FAE04EC0-301F-11D3-BF4B-00C04F79EFBC}") = "Northwind.Bll", "Northwind.Bll\Northwind.Bll.csproj", "{8B95FFA5-3DC9-4D0F-81E6-CE95DF925DAC}"
EndProject
Project("{FAE04EC0-301F-11D3-BF4B-00C04F79EFBC}") = "Northwind.WcfLibrary", "Northwind.WcfLibrary\Northwind.WcfLibrary.csproj", "{85D53691-8DB7-4176-9197-48649ED88178}"
EndProject
Project("{E24C65DC-7377-472B-9ABA-BC803B73C61A}") = "WcfIISHost", "WcfIISHost\", "{F80E0EF9-67E7-4DDD-8C21-2A9183BCC33B}"
	ProjectSection(WebsiteProperties) = preProject
		TargetFrameworkMoniker = ".NETFramework,Version%3Dv4.5"
		Debug.AspNetCompiler.VirtualPath = "/localhost_9337"
		Debug.AspNetCompiler.PhysicalPath = "WcfIISHost\"
		Debug.AspNetCompiler.TargetPath = "PrecompiledWeb\localhost_9337\"
		Debug.AspNetCompiler.Updateable = "true"
		Debug.AspNetCompiler.ForceOverwrite = "true"
		Debug.AspNetCompiler.FixedNames = "false"
		Debug.AspNetCompiler.Debug = "True"
		Release.AspNetCompiler.VirtualPath = "/localhost_9337"
		Release.AspNetCompiler.PhysicalPath = "WcfIISHost\"
		Release.AspNetCompiler.TargetPath = "PrecompiledWeb\localhost_9337\"
		Release.AspNetCompiler.Updateable = "true"
		Release.AspNetCompiler.ForceOverwrite = "true"
		Release.AspNetCompiler.FixedNames = "false"
		Release.AspNetCompiler.Debug = "False"
		VWDPort = "9337"
		DefaultWebSiteLanguage = "Visual C#"
	EndProjectSection
EndProject
Project("{FAE04EC0-301F-11D3-BF4B-00C04F79EFBC}") = "Northwind.Entities", "Northwind.Entities\Northwind.Entities.csproj", "{3C1F6075-F96C-4FCC-8115-68A7AB283968}"
EndProject
Project("{FAE04EC0-301F-11D3-BF4B-00C04F79EFBC}") = "MvcWebUI", "MvcWebUI\MvcWebUI.csproj", "{39740810-A9E8-4643-9556-956647E4C3C8}"
EndProject
Project("{FAE04EC0-301F-11D3-BF4B-00C04F79EFBC}") = "MvcWebUI.Tests", "MvcWebUI.Tests\MvcWebUI.Tests.csproj", "{CDD7F466-C980-4625-B228-75685C9634FA}"
EndProject
Global
	GlobalSection(SolutionConfigurationPlatforms) = preSolution
		Debug|Any CPU = Debug|Any CPU
		Release|Any CPU = Release|Any CPU
	EndGlobalSection
	GlobalSection(ProjectConfigurationPlatforms) = postSolution
		{E30A3D97-FC82-45B8-A2E6-535F85475954}.Debug|Any CPU.ActiveCfg = Debug|Any CPU
		{E30A3D97-FC82-45B8-A2E6-535F85475954}.Debug|Any CPU.Build.0 = Debug|Any CPU
		{E30A3D97-FC82-45B8-A2E6-535F85475954}.Release|Any CPU.ActiveCfg = Release|Any CPU
		{E30A3D97-FC82-45B8-A2E6-535F85475954}.Release|Any CPU.Build.0 = Release|Any CPU
		{8B95FFA5-3DC9-4D0F-81E6-CE95DF925DAC}.Debug|Any CPU.ActiveCfg = Debug|Any CPU
		{8B95FFA5-3DC9-4D0F-81E6-CE95DF925DAC}.Debug|Any CPU.Build.0 = Debug|Any CPU
		{8B95FFA5-3DC9-4D0F-81E6-CE95DF925DAC}.Release|Any CPU.ActiveCfg = Release|Any CPU
		{8B95FFA5-3DC9-4D0F-81E6-CE95DF925DAC}.Release|Any CPU.Build.0 = Release|Any CPU
		{85D53691-8DB7-4176-9197-48649ED88178}.Debug|Any CPU.ActiveCfg = Debug|Any CPU
		{85D53691-8DB7-4176-9197-48649ED88178}.Debug|Any CPU.Build.0 = Debug|Any CPU
		{85D53691-8DB7-4176-9197-48649ED88178}.Release|Any CPU.ActiveCfg = Release|Any CPU
		{85D53691-8DB7-4176-9197-48649ED88178}.Release|Any CPU.Build.0 = Release|Any CPU
		{F80E0EF9-67E7-4DDD-8C21-2A9183BCC33B}.Debug|Any CPU.ActiveCfg = Debug|Any CPU
		{F80E0EF9-67E7-4DDD-8C21-2A9183BCC33B}.Debug|Any CPU.Build.0 = Debug|Any CPU
		{F80E0EF9-67E7-4DDD-8C21-2A9183BCC33B}.Release|Any CPU.ActiveCfg = Debug|Any CPU
		{F80E0EF9-67E7-4DDD-8C21-2A9183BCC33B}.Release|Any CPU.Build.0 = Debug|Any CPU
		{3C1F6075-F96C-4FCC-8115-68A7AB283968}.Debug|Any CPU.ActiveCfg = Debug|Any CPU
		{3C1F6075-F96C-4FCC-8115-68A7AB283968}.Debug|Any CPU.Build.0 = Debug|Any CPU
		{3C1F6075-F96C-4FCC-8115-68A7AB283968}.Release|Any CPU.ActiveCfg = Release|Any CPU
		{3C1F6075-F96C-4FCC-8115-68A7AB283968}.Release|Any CPU.Build.0 = Release|Any CPU
		{39740810-A9E8-4643-9556-956647E4C3C8}.Debug|Any CPU.ActiveCfg = Debug|Any CPU
		{39740810-A9E8-4643-9556-956647E4C3C8}.Debug|Any CPU.Build.0 = Debug|Any CPU
		{39740810-A9E8-4643-9556-956647E4C3C8}.Release|Any CPU.ActiveCfg = Release|Any CPU
		{39740810-A9E8-4643-9556-956647E4C3C8}.Release|Any CPU.Build.0 = Release|Any CPU
		{CDD7F466-C980-4625-B228-75685C9634FA}.Debug|Any CPU.ActiveCfg = Debug|Any CPU
		{CDD7F466-C980-4625-B228-75685C9634FA}.Debug|Any CPU.Build.0 = Debug|Any CPU
		{CDD7F466-C980-4625-B228-75685C9634FA}.Release|Any CPU.ActiveCfg = Release|Any CPU
		{CDD7F466-C980-4625-B228-75685C9634FA}.Release|Any CPU.Build.0 = Release|Any CPU
	EndGlobalSection
	GlobalSection(SolutionProperties) = preSolution
		HideSolutionNode = FALSE
	EndGlobalSection
EndGlobal
